# CPython 3.12 manylinux x86_64 wheelhouse; frozen before measured runs.
certifi==2026.7.22 --hash=sha256:62f22742b58a1a33014a2b6b706588a8d7e2a88ae7bd1a6ebe8c992928483775
charset-normalizer==3.5.1 --hash=sha256:b9af956078716df40d985fb0dfeb2c2120c5ca92ba4ff4b388acfd01cdc14d08
googleapis-common-protos==1.75.3 --hash=sha256:a018d2bf098ca9fb6faa08d5bb780e2a2c2f73c566f069761331386c9596d3f2
idna==3.20 --hash=sha256:ab7ae7122974553370f0bdb919e1a960b2cd1bc1ef0276416d896db81c14582c
importlib_metadata==8.7.1 --hash=sha256:5a1f80bf1daa489495071efbb095d75a634cf28a8bc299581244063b53176151
opentelemetry-api==1.37.0 --hash=sha256:accf2024d3e89faec14302213bc39550ec0f4095d1cf5ca688e1bfb1c8612f47
opentelemetry-exporter-otlp-proto-common==1.37.0 --hash=sha256:53038428449c559b0c564b8d718df3314da387109c4d36bd1b94c9a641b0292e
opentelemetry-exporter-otlp-proto-http==1.37.0 --hash=sha256:54c42b39945a6cc9d9a2a33decb876eabb9547e0dcb49df090122773447f1aef
opentelemetry-proto==1.37.0 --hash=sha256:8ed8c066ae8828bbf0c39229979bdf583a126981142378a9cbe9d6fd5701c6e2
opentelemetry-sdk==1.37.0 --hash=sha256:8f3c3c22063e52475c5dbced7209495c2c16723d016d39287dfc215d1771257c
opentelemetry-semantic-conventions==0.58b0 --hash=sha256:5564905ab1458b96684db1340232729fce3b5375a06e140e8904c78e4f815b28
protobuf==6.33.6 --hash=sha256:e9db7e292e0ab79dd108d7f1a94fe31601ce1ee3f7b79e0692043423020b0593
psycopg-binary==3.2.10 --hash=sha256:14bcbcac0cab465d88b2581e43ec01af4b01c9833e663f1352e05cb41be19e44
psycopg==3.2.10 --hash=sha256:ab5caf09a9ec42e314a21f5216dbcceac528e0e05142e42eea83a3b28b320ac3
requests==2.34.2 --hash=sha256:2a0d60c172f83ac6ab31e4554906c0f3b3588d37b5cb939b1c061f4907e278e0
typing_extensions==4.16.0 --hash=sha256:481caa481374e813c1b176ada14e97f1f67a4539ce9cfeb3f350d78d6370c2e8
urllib3==2.8.0 --hash=sha256:0cf3cae568d36aa9576b28dfb35f11328f1cb974ca7647d9475ebb86c75ac6e3
zipp==4.1.0 --hash=sha256:25ad4e16390cd314347dd8f1de67a2ac538ae658ed4ab9db16029c07c188e97f
